
Microsoft Visual Studio Solution File, Format Version 12.00
# Visual Studio 15
VisualStudioVersion = 15.0.28307.489
MinimumVisualStudioVersion = 10.0.40219.1
Project("{FAE04EC0-301F-11D3-BF4B-00C04F79EFBC}") = "RegisztracioAlkalmazas", "RegisztracioAlkalmazas\RegisztracioAlkalmazas.csproj", "{0C23DAE7-57B9-4CE2-9F32-FB4784045176}"
EndProject
Global
	GlobalSection(SolutionConfigurationPlatforms) = preSolution
		Debug|Any CPU = Debug|Any CPU
		Release|Any CPU = Release|Any CPU
	EndGlobalSection
	GlobalSection(ProjectConfigurationPlatforms) = postSolution
		{0C23DAE7-57B9-4CE2-9F32-FB4784045176}.Debug|Any CPU.ActiveCfg = Debug|Any CPU
		{0C23DAE7-57B9-4CE2-9F32-FB4784045176}.Debug|Any CPU.Build.0 = Debug|Any CPU
		{0C23DAE7-57B9-4CE2-9F32-FB4784045176}.Release|Any CPU.ActiveCfg = Release|Any CPU
		{0C23DAE7-57B9-4CE2-9F32-FB4784045176}.Release|Any CPU.Build.0 = Release|Any CPU
	EndGlobalSection
	GlobalSection(SolutionProperties) = preSolution
		HideSolutionNode = FALSE
	EndGlobalSection
	GlobalSection(ExtensibilityGlobals) = postSolution
		SolutionGuid = {0C2FDD4D-C623-4089-8706-73345A77A313}
	EndGlobalSection
EndGlobal
